
Microsoft Visual Studio Solution File, Format Version 12.00
# Visual Studio 2012
Project("{FAE04EC0-301F-11D3-BF4B-00C04F79EFBC}") = "NoSunSet", "NoSunSet\NoSunSet.csproj", "{A7D8A5C5-2BF8-4DC3-9676-8D55D953D144}"
EndProject
Project("{FAE04EC0-301F-11D3-BF4B-00C04F79EFBC}") = "NoSunSet.Tests", "NoSunSet.Tests\NoSunSet.Tests.csproj", "{BA9EA0AB-0138-4F12-BA8C-9B489EAB554F}"
EndProject
Global
	GlobalSection(SolutionConfigurationPlatforms) = preSolution
		Debug|Any CPU = Debug|Any CPU
		Release|Any CPU = Release|Any CPU
	EndGlobalSection
	GlobalSection(ProjectConfigurationPlatforms) = postSolution
		{A7D8A5C5-2BF8-4DC3-9676-8D55D953D144}.Debug|Any CPU.ActiveCfg = Debug|Any CPU
		{A7D8A5C5-2BF8-4DC3-9676-8D55D953D144}.Debug|Any CPU.Build.0 = Debug|Any CPU
		{A7D8A5C5-2BF8-4DC3-9676-8D55D953D144}.Release|Any CPU.ActiveCfg = Release|Any CPU
		{A7D8A5C5-2BF8-4DC3-9676-8D55D953D144}.Release|Any CPU.Build.0 = Release|Any CPU
		{BA9EA0AB-0138-4F12-BA8C-9B489EAB554F}.Debug|Any CPU.ActiveCfg = Debug|Any CPU
		{BA9EA0AB-0138-4F12-BA8C-9B489EAB554F}.Debug|Any CPU.Build.0 = Debug|Any CPU
		{BA9EA0AB-0138-4F12-BA8C-9B489EAB554F}.Release|Any CPU.ActiveCfg = Release|Any CPU
		{BA9EA0AB-0138-4F12-BA8C-9B489EAB554F}.Release|Any CPU.Build.0 = Release|Any CPU
	EndGlobalSection
	GlobalSection(SolutionProperties) = preSolution
		HideSolutionNode = FALSE
	EndGlobalSection
EndGlobal
